# THIS IS AN AUTOGENERATED FILE. DO NOT EDIT THIS FILE DIRECTLY.
# yarn lockfile v1


"@babel/runtime@^7.13.10", "@babel/runtime@^7.13.17":
  version "7.14.5"
  resolved "https://registry.yarnpkg.com/@babel/runtime/-/runtime-7.14.5.tgz#665450911c6031af38f81db530f387ec04cd9a98"
  integrity sha512-121rumjddw9c3NCQ55KGkyE1h/nzWhU/owjhw0l4mQrkzz4x9SGS1X8gFLraHwX7td3Yo4QTL+qj0NcIzN87BA==
  dependencies:
    regenerator-runtime "^0.13.4"

"@chevrotain/types@^9.0.1":
  version "9.0.1"
  resolved "https://registry.yarnpkg.com/@chevrotain/types/-/types-9.0.1.tgz#db8361d8e28c687f4dfbbae2523155b4b1d13321"
  integrity sha512-jyIgbvb0Vz3OhLdImiufolBxRNAPFhpZmWuNWQ9ffU+nsxLJ0a0yObRCkdT2MKGXolwLZow3r8zhVr/7f5yNSA==

"@chevrotain/utils@^9.0.0":
  version "9.0.0"
  resolved "https://registry.yarnpkg.com/@chevrotain/utils/-/utils-9.0.0.tgz#3b40e30a2007610af9b900125cb654d648f07ac7"
  integrity sha512-J0uI+VxqCMiTFmVD95dfZr1QxJcw1RMQc7X3umMAfEcG5f2uWrZeyX0h3hURvXgzUcK6vXH5r+SNv+4bPxWpdg==

"@radix-ui/popper@0.0.10":
  version "0.0.10"
  resolved "https://registry.yarnpkg.com/@radix-ui/popper/-/popper-0.0.10.tgz#9f707d9cec8762423f81acaf8e650e40a554cb73"
  integrity sha512-YFKuPqQPKscreQid7NuB4it3PMzSwGg03vgrud6sVliHkI43QNAOHyrHyMNo015jg6QK5GVDn+7J2W5uygqSGA==
  dependencies:
    "@babel/runtime" "^7.13.10"
    csstype "^3.0.4"

"@radix-ui/primitive@0.0.5":
  version "0.0.5"
  resolved "https://registry.yarnpkg.com/@radix-ui/primitive/-/primitive-0.0.5.tgz#8464fb4db04401bde72d36e27e05714080668d40"
  integrity sha512-VeL6A5LpKYRJhDDj5tCTnzP3zm+FnvybsAkgBHQ4LUPPBnqRdWLoyKpZhlwFze/z22QHINaTIcE9Z/fTcrUR1g==
  dependencies:
    "@babel/runtime" "^7.13.10"

"@radix-ui/react-arrow@0.0.13":
  version "0.0.13"
  resolved "https://registry.yarnpkg.com/@radix-ui/react-arrow/-/react-arrow-0.0.13.tgz#06b5a17f33bbc1af1c88d2827f25f37be95daa38"
  integrity sha512-BHBAULgQYmj36BrJ+1AGhC5p4QjJaE+szJgJ1a1EYOM3G6QOeIQKYvIm8TPEdKAiJhAivK+jZFccsE4Blzqc9g==
  dependencies:
    "@babel/runtime" "^7.13.10"
    "@radix-ui/react-polymorphic" "0.0.11"
    "@radix-ui/react-primitive" "0.0.13"

"@radix-ui/react-compose-refs@0.0.5":
  version "0.0.5"
  resolved "https://registry.yarnpkg.com/@radix-ui/react-compose-refs/-/react-compose-refs-0.0.5.tgz#0f71f0de1dec341f30cebd420b6bc3d12a3037dd"
  integrity sha512-O9mH9X/2EwuAEEoZXrU4alcrRbAhhZHGpIJ5bOH6rmRcokhaoWRBY1tOEe2lgHdb/bkKrY+viLi4Zq8Ju6/09Q==
  dependencies:
    "@babel/runtime" "^7.13.10"

"@radix-ui/react-context@0.0.5":
  version "0.0.5"
  resolved "https://registry.yarnpkg.com/@radix-ui/react-context/-/react-context-0.0.5.tgz#7c15f46795d7765dabfaf6f9c53791ad28c521c2"
  integrity sha512-bwrzAc0qc2EPepSTLBT4+93uCiI9wP78VSmPg2K+k71O/vpx7dPs0VqrewwCBNCHT54NIwaRr2hEsm2uqYi02A==
  dependencies:
    "@babel/runtime" "^7.13.10"

"@radix-ui/react-id@0.0.6":
  version "0.0.6"
  resolved "https://registry.yarnpkg.com/@radix-ui/react-id/-/react-id-0.0.6.tgz#c4b27d11861805e91ac296e7758ab47e3947b65c"
  integrity sha512-PzmraF34fYggsYvTIZVJ5S68WMp3aKUN3HkSmGnz4zn9zpRjkAbbg7Xn3ueQI3FQsLWKgyUfnpsmWFDndpcqYg==
  dependencies:
    "@babel/runtime" "^7.13.10"

"@radix-ui/react-polymorphic@0.0.11":
  version "0.0.11"
  resolved "https://registry.yarnpkg.com/@radix-ui/react-polymorphic/-/react-polymorphic-0.0.11.tgz#23f26b14e67a0e57cd981c37618d603b952af80d"
  integrity sha512-CztM4962esOx3i1ls6GuY9RBYIY2Df1Bmp5emHRTxZi8owyCZwZYPctYaDuMO0qIGikPiKD8HBion/m7VWUyEA==
  dependencies:
    "@babel/runtime" "^7.13.10"

"@radix-ui/react-popper@0.0.16":
  version "0.0.16"
  resolved "https://registry.yarnpkg.com/@radix-ui/react-popper/-/react-popper-0.0.16.tgz#62cccb7d920dc89e076bbdc3421db8c84078f428"
  integrity sha512-njciQ/eIKaDF9h+27Pwi1H6NliQbzTgaHOsT0w/Lxx4vfMe8zcHtiEigYVGErNR4zAYlbW72KzLjtngtNnaorg==
  dependencies:
    "@babel/runtime" "^7.13.10"
    "@radix-ui/popper" "0.0.10"
    "@radix-ui/react-arrow" "0.0.13"
    "@radix-ui/react-compose-refs" "0.0.5"
    "@radix-ui/react-context" "0.0.5"
    "@radix-ui/react-polymorphic" "0.0.11"
    "@radix-ui/react-primitive" "0.0.13"
    "@radix-ui/react-use-rect" "0.0.7"
    "@radix-ui/react-use-size" "0.0.6"
    "@radix-ui/rect" "0.0.5"

"@radix-ui/react-portal@0.0.13", "@radix-ui/react-portal@^0.0.13":
  version "0.0.13"
  resolved "https://registry.yarnpkg.com/@radix-ui/react-portal/-/react-portal-0.0.13.tgz#8e60e9ee9b1594f98ee4a8f24a9851ef7ef2ad31"
  integrity sha512-Mw5hrxds2T9HTGwdDbvlKGvTUfcuKhPtqxLnizOrM685e80j+pfjAAfMSXSyfmra9KFQvk3XxmUP0d4U6+kzMg==
  dependencies:
    "@babel/runtime" "^7.13.10"
    "@radix-ui/react-polymorphic" "0.0.11"
    "@radix-ui/react-primitive" "0.0.13"
    "@radix-ui/react-use-layout-effect" "0.0.5"

"@radix-ui/react-presence@0.0.14":
  version "0.0.14"
  resolved "https://registry.yarnpkg.com/@radix-ui/react-presence/-/react-presence-0.0.14.tgz#6a86058bbbf46234dd8840dacd620b3ac5797025"
  integrity sha512-ufof9B76DHXV0sC8H7Lswh2AepdJFG8qEtF32JWrbA9N1bl2Jnf9px76KsagyC0MA8crGEZO5A96wizGuSgGWQ==
  dependencies:
    "@babel/runtime" "^7.13.10"
    "@radix-ui/react-compose-refs" "0.0.5"

"@radix-ui/react-primitive@0.0.13":
  version "0.0.13"
  resolved "https://registry.yarnpkg.com/@radix-ui/react-primitive/-/react-primitive-0.0.13.tgz#79c606c3e7da9c377b77a7b3f4ec879b45de47a2"
  integrity sha512-6xxWzw67t7ZuN9Ikn9NNQdb/HSF7dNHPN3kPcgjiVgTEZa3tKk1xjSxGjjQztE61g9GrnTLpu7mBjmEuZDI/lA==
  dependencies:
    "@babel/runtime" "^7.13.10"
    "@radix-ui/react-polymorphic" "0.0.11"

"@radix-ui/react-slot@0.0.10":
  version "0.0.10"
  resolved "https://registry.yarnpkg.com/@radix-ui/react-slot/-/react-slot-0.0.10.tgz#27a17cad7064872117aeb68113fa934bc5d34c37"
  integrity sha512-p0jJj6lTz1RV2imavnclk8Gda002ZSDR4/zPJ4EQBhspGnx7Y8l6G59c8lxJrT7c7F46F2eRNjpTTjFqqir6EQ==
  dependencies:
    "@babel/runtime" "^7.13.10"
    "@radix-ui/primitive" "0.0.5"
    "@radix-ui/react-compose-refs" "0.0.5"

"@radix-ui/react-tooltip@0.0.18":
  version "0.0.18"
  resolved "https://registry.yarnpkg.com/@radix-ui/react-tooltip/-/react-tooltip-0.0.18.tgz#7594297dbc2acf101ac45fdb414c7bc0ac9426bc"
  integrity sha512-oYRAbbTZJ8zEokrrk5pe7QbzF+ZnzMby8mBplrkColi0ntToJ7RKzPgUs1OOFvmg/Nld0Iy2FufrTNlyyEI3kQ==
  dependencies:
    "@babel/runtime" "^7.13.10"
    "@radix-ui/primitive" "0.0.5"
    "@radix-ui/react-compose-refs" "0.0.5"
    "@radix-ui/react-context" "0.0.5"
    "@radix-ui/react-id" "0.0.6"
    "@radix-ui/react-polymorphic" "0.0.11"
    "@radix-ui/react-popper" "0.0.16"
    "@radix-ui/react-portal" "0.0.13"
    "@radix-ui/react-presence" "0.0.14"
    "@radix-ui/react-primitive" "0.0.13"
    "@radix-ui/react-slot" "0.0.10"
    "@radix-ui/react-use-controllable-state" "0.0.6"
    "@radix-ui/react-use-escape-keydown" "0.0.6"
    "@radix-ui/react-use-layout-effect" "0.0.5"
    "@radix-ui/react-use-previous" "0.0.5"
    "@radix-ui/react-use-rect" "0.0.7"
    "@radix-ui/react-visually-hidden" "0.0.13"

"@radix-ui/react-use-callback-ref@0.0.5":
  version "0.0.5"
  resolved "https://registry.yarnpkg.com/@radix-ui/react-use-callback-ref/-/react-use-callback-ref-0.0.5.tgz#fa8db050229cda573dfeeae213d74ef06f6130db"
  integrity sha512-z1AI221vmq9f3vsDyrCsGLCatKagbM1YeCGdRMhMsUBzFFCaJ+Axyoe/ndVqW8wwsraGWr1zYVAhIEdlC0GvPg==
  dependencies:
    "@babel/runtime" "^7.13.10"

"@radix-ui/react-use-controllable-state@0.0.6":
  version "0.0.6"
  resolved "https://registry.yarnpkg.com/@radix-ui/react-use-controllable-state/-/react-use-controllable-state-0.0.6.tgz#c4b16bc911a25889333388a684a04df937e5fec7"
  integrity sha512-fBk4hUSKc4N7X/NAaifWYfKKfNuOB9xvj0MBQQYS5oOTNRgg4y8/Ax3jZ0adsplXDm7ix75sxqWm0nrvUoAjcw==
  dependencies:
    "@babel/runtime" "^7.13.10"
    "@radix-ui/react-use-callback-ref" "0.0.5"

"@radix-ui/react-use-escape-keydown@0.0.6":
  version "0.0.6"
  resolved "https://registry.yarnpkg.com/@radix-ui/react-use-escape-keydown/-/react-use-escape-keydown-0.0.6.tgz#1ad1c81b99961b7dbe376ef54151ebc8bef627a0"
  integrity sha512-MJpVj21BYwWllmp2xbXPqpKPssJ1WWrZi+Qx7PY5hVcBhQr5Jo6yKwIX677pH5Yql95ENTTT5LW3q+LVFYIISw==
  dependencies:
    "@babel/runtime" "^7.13.10"
    "@radix-ui/react-use-callback-ref" "0.0.5"

"@radix-ui/react-use-layout-effect@0.0.5":
  version "0.0.5"
  resolved "https://registry.yarnpkg.com/@radix-ui/react-use-layout-effect/-/react-use-layout-effect-0.0.5.tgz#cbbd059090edc765749da00d9f562a9abd43cbac"
  integrity sha512-bNPW2JNOr/p2hXr0hfKKqrEy5deNSRF17sw3l9Z7qlEnvIbBtQ7iwY/wrxIz5P7XFyYGoXodIUDH5G8PEucE3A==
  dependencies:
    "@babel/runtime" "^7.13.10"

"@radix-ui/react-use-previous@0.0.5":
  version "0.0.5"
  resolved "https://registry.yarnpkg.com/@radix-ui/react-use-previous/-/react-use-previous-0.0.5.tgz#75191d1fa0ac24c560fe8cfbaa2f1174858cbb2f"
  integrity sha512-GjtJlWlDAEMqCm2RDnVdWI6tk4/ZQfRq/VlP05Xy5rFZj6lD37VZWVWUELMBasRPzd2AS/9wPmphOgjH0VnE5A==
  dependencies:
    "@babel/runtime" "^7.13.10"

"@radix-ui/react-use-rect@0.0.7":
  version "0.0.7"
  resolved "https://registry.yarnpkg.com/@radix-ui/react-use-rect/-/react-use-rect-0.0.7.tgz#e3a55fa7183ef436042198787bf38f8c9befcc14"
  integrity sha512-OmaeFTgyiGNAchaxzDu+kFLz4Ly8RUcT5nwfoz4Nddd86I8Zdq93iNFnOpVLoVYqBnFEmvR6zexHXNFATrMbbQ==
  dependencies:
    "@babel/runtime" "^7.13.10"
    "@radix-ui/rect" "0.0.5"

"@radix-ui/react-use-size@0.0.6":
  version "0.0.6"
  resolved "https://registry.yarnpkg.com/@radix-ui/react-use-size/-/react-use-size-0.0.6.tgz#998eaf6e8871b868f81f3b7faac06c3e896c37a0"
  integrity sha512-kP4RIb2I5oHQzwzXJ21Hu8htNqf+sdaRzywxQpbj+hmqeUhpvIkhoq+ShNWV9wE/3c1T7gPnka8/nKYsKaKdCg==
  dependencies:
    "@babel/runtime" "^7.13.10"

"@radix-ui/react-visually-hidden@0.0.13":
  version "0.0.13"
  resolved "https://registry.yarnpkg.com/@radix-ui/react-visually-hidden/-/react-visually-hidden-0.0.13.tgz#c7f69097eb7d796dcd9117cdd228d87991c08baf"
  integrity sha512-8VNuE4/3PnyrLv1je56fxaa5qka0Nb6/FlyQEDF2HCPpxVOWR4sxRfSBe8cjy+Me+pJN9ZoKBIuoFCVRk54xJA==
  dependencies:
    "@babel/runtime" "^7.13.10"
    "@radix-ui/react-polymorphic" "0.0.11"
    "@radix-ui/react-primitive" "0.0.13"

"@radix-ui/rect@0.0.5":
  version "0.0.5"
  resolved "https://registry.yarnpkg.com/@radix-ui/rect/-/rect-0.0.5.tgz#6000d8d800288114af4bbc5863e6b58755d7d978"
  integrity sha512-gXw171KbjyttA7K1DRIvPguLmKsg8raitB67MIcsdZwcquy+a1O2w3xY21NIKEqGhJwqJkECPUmMJDXgMNYuAg==
  dependencies:
    "@babel/runtime" "^7.13.10"

"@rollup/pluginutils@^4.1.0":
  version "4.1.0"
  resolved "https://registry.yarnpkg.com/@rollup/pluginutils/-/pluginutils-4.1.0.tgz#0dcc61c780e39257554feb7f77207dceca13c838"
  integrity sha512-TrBhfJkFxA+ER+ew2U2/fHbebhLT/l/2pRk0hfj9KusXUuRXd2v0R58AfaZK9VXDQ4TogOSEmICVrQAA3zFnHQ==
  dependencies:
    estree-walker "^2.0.1"
    picomatch "^2.2.2"

"@stitches/core@^0.1.9":
  version "0.1.9"
  resolved "https://registry.yarnpkg.com/@stitches/core/-/core-0.1.9.tgz#6cc42ae6052f6900f9add164232449ff8d62c4ba"
  integrity sha512-70gVb0uhgV6BOJmloirWEGZmofk/Hzr5yWlub1rtm4CvimD3Xl5xr9fVkjcTu+REC6ILCJCnlEP4WmilTfXNOA==

"@stitches/react@^0.1.9":
  version "0.1.9"
  resolved "https://registry.yarnpkg.com/@stitches/react/-/react-0.1.9.tgz#b16e05c9ee7e34369bb3b051b92a997ab379863f"
  integrity sha512-yK4ZAdkuOiOum+bfPYlDNS9UI/Tm9JYsYNMUWLB3uAy+7tvSYfB4cVYkXwFuiKxis03woATTZTe6IlTb+LXm+A==
  dependencies:
    "@stitches/core" "^0.1.9"

"@types/lodash-es@^4.17.4":
  version "4.17.4"
  resolved "https://registry.yarnpkg.com/@types/lodash-es/-/lodash-es-4.17.4.tgz#b2e440d2bf8a93584a9fd798452ec497986c9b97"
  integrity sha512-BBz79DCJbD2CVYZH67MBeHZRX++HF+5p8Mo5MzjZi64Wac39S3diedJYHZtScbRVf4DjZyN6LzA0SB0zy+HSSQ==
  dependencies:
    "@types/lodash" "*"

"@types/lodash@*":
  version "4.14.170"
  resolved "https://registry.yarnpkg.com/@types/lodash/-/lodash-4.14.170.tgz#0d67711d4bf7f4ca5147e9091b847479b87925d6"
  integrity sha512-bpcvu/MKHHeYX+qeEN8GE7DIravODWdACVA1ctevD8CN24RhPZIKMn9ntfAsrvLfSX3cR5RrBKAbYm9bGs0A+Q==

"@types/prop-types@*":
  version "15.7.3"
  resolved "https://registry.yarnpkg.com/@types/prop-types/-/prop-types-15.7.3.tgz#2ab0d5da2e5815f94b0b9d4b95d1e5f243ab2ca7"
  integrity sha512-KfRL3PuHmqQLOG+2tGpRO26Ctg+Cq1E01D2DMriKEATHgWLfeNDmq9e29Q9WIky0dQ3NPkd1mzYH8Lm936Z9qw==

"@types/react-dom@^17.0.7":
  version "17.0.7"
  resolved "https://registry.yarnpkg.com/@types/react-dom/-/react-dom-17.0.7.tgz#b8ee15ead9e5d6c2c858b44949fdf2ebe5212232"
  integrity sha512-Wd5xvZRlccOrCTej8jZkoFZuZRKHzanDDv1xglI33oBNFMWrqOSzrvWFw7ngSiZjrpJAzPKFtX7JvuXpkNmQHA==
  dependencies:
    "@types/react" "*"

"@types/react@*", "@types/react@^17.0.11":
  version "17.0.11"
  resolved "https://registry.yarnpkg.com/@types/react/-/react-17.0.11.tgz#67fcd0ddbf5a0b083a0f94e926c7d63f3b836451"
  integrity sha512-yFRQbD+whVonItSk7ZzP/L+gPTJVBkL/7shLEF+i9GC/1cV3JmUxEQz6+9ylhUpWSDuqo1N9qEvqS6vTj4USUA==
  dependencies:
    "@types/prop-types" "*"
    "@types/scheduler" "*"
    csstype "^3.0.2"

"@types/scheduler@*":
  version "0.16.1"
  resolved "https://registry.yarnpkg.com/@types/scheduler/-/scheduler-0.16.1.tgz#18845205e86ff0038517aab7a18a62a6b9f71275"
  integrity sha512-EaCxbanVeyxDRTQBkdLb3Bvl/HK7PBK6UJjsSixB0iHKoWxE5uu2Q/DgtpOhPIojN0Zl1whvOd7PoHs2P0s5eA==

"@types/three@^0.129.1":
  version "0.129.1"
  resolved "https://registry.yarnpkg.com/@types/three/-/three-0.129.1.tgz#e488e686132256dfd61cffd4d97ea6cf176a4a8d"
  integrity sha512-31VTcjAQNggIrCH9NVotTYsr5Ws/QMGGTaMK6RP3EgyzW2WEuZdm25TNidd6PJ3e4a6/hbswNacnTsjwc7ksbw==

"@webgpu/glslang@^0.0.15":
  version "0.0.15"
  resolved "https://registry.yarnpkg.com/@webgpu/glslang/-/glslang-0.0.15.tgz#f5ccaf6015241e6175f4b90906b053f88483d1f2"
  integrity sha512-niT+Prh3Aff8Uf1MVBVUsaNjFj9rJAKDXuoHIKiQbB+6IUP/3J3JIhBNyZ7lDhytvXxw6ppgnwKZdDJ08UMj4Q==

"@webxr-input-profiles/motion-controllers@^1.0.0":
  version "1.0.0"
  resolved "https://registry.yarnpkg.com/@webxr-input-profiles/motion-controllers/-/motion-controllers-1.0.0.tgz#0a84533288af39d85bfe1987721035925d69be47"
  integrity sha512-Ppxde+G1/QZbU8ShCQg+eq5VtlcL/FPkerF1dkDOLlIml0LJD1tFqnCZYR0SrHzYleIQ2siRnOx7xbFLaCpExQ==

"@welldone-software/why-did-you-render@^6.1.4":
  version "6.2.0"
  resolved "https://registry.yarnpkg.com/@welldone-software/why-did-you-render/-/why-did-you-render-6.2.0.tgz#a053e63f45adb57161c723dee4b005769ea1b64f"
  integrity sha512-ViwaE09Vgb0yXzyZuGTWCmWy/nBRAEGyztMdFYuxIgmL8yoXX5TVMCfieiJGdRQQPiDUznlYmcu0lu8kN1lwtQ==
  dependencies:
    lodash "^4"

assign-symbols@^1.0.0:
  version "1.0.0"
  resolved "https://registry.yarnpkg.com/assign-symbols/-/assign-symbols-1.0.0.tgz#59667f41fadd4f20ccbc2bb96b8d4f7f78ec0367"
  integrity sha1-WWZ/QfrdTyDMvCu5a41Pf3jsA2c=

attr-accept@^2.2.1:
  version "2.2.2"
  resolved "https://registry.yarnpkg.com/attr-accept/-/attr-accept-2.2.2.tgz#646613809660110749e92f2c10833b70968d929b"
  integrity sha512-7prDjvt9HmqiZ0cl5CRjtS84sEyhsHP2coDkaZKRKVfCDo9s7iw7ChVmar78Gu9pC4SoR/28wFu/G5JJhTnqEg==

chevrotain@^9.0.1:
  version "9.0.1"
  resolved "https://registry.yarnpkg.com/chevrotain/-/chevrotain-9.0.1.tgz#476ecfe4c8e48f525c4f22223abfe360839fbe2a"
  integrity sha512-7rFWS+G8yavnYK5AcqSL9mSXPRfz+atuwM4Hq5Ph/CNM7n7zl3woPXMGWS+cdxSD01nic4PozN12zaw1Fu8cug==
  dependencies:
    "@chevrotain/types" "^9.0.1"
    "@chevrotain/utils" "^9.0.0"
    regexp-to-ast "0.5.0"

colorette@^1.2.2:
  version "1.2.2"
  resolved "https://registry.yarnpkg.com/colorette/-/colorette-1.2.2.tgz#cbcc79d5e99caea2dbf10eb3a26fd8b3e6acfa94"
  integrity sha512-MKGMzyfeuutC/ZJ1cba9NqcNpfeqMUcYmyF1ZFY6/Cn7CNSAKx6a+s48sqLqyAiZuaP2TcqMhoo+dlwFnVxT9w==

csstype@^3.0.2, csstype@^3.0.4:
  version "3.0.8"
  resolved "https://registry.yarnpkg.com/csstype/-/csstype-3.0.8.tgz#d2266a792729fb227cd216fb572f43728e1ad340"
  integrity sha512-jXKhWqXPmlUeoQnF/EhTtTl4C9SnrxSH/jZUih3jmO6lBKr99rP3/+FmrMj4EFpOXzMtXHAZkd3x0E6h6Fgflw==

dequal@^2.0.2:
  version "2.0.2"
  resolved "https://registry.yarnpkg.com/dequal/-/dequal-2.0.2.tgz#85ca22025e3a87e65ef75a7a437b35284a7e319d"
  integrity sha512-q9K8BlJVxK7hQYqa6XISGmBZbtQQWVXSrRrWreHC94rMt1QL/Impruc+7p2CYSYuVIUr+YCt6hjrs1kkdJRTug==

esbuild@^0.12.5:
  version "0.12.8"
  resolved "https://registry.yarnpkg.com/esbuild/-/esbuild-0.12.8.tgz#ac90da77cb3bfbf49ab815200bcef7ffe1a3348f"
  integrity sha512-sx/LwlP/SWTGsd9G4RlOPrXnIihAJ2xwBUmzoqe2nWwbXORMQWtAGNJNYLBJJqa3e9PWvVzxdrtyFZJcr7D87g==

estree-walker@^2.0.1:
  version "2.0.2"
  resolved "https://registry.yarnpkg.com/estree-walker/-/estree-walker-2.0.2.tgz#52f010178c2a4c117a7757cfe942adb7d2da4cac"
  integrity sha512-Rfkk/Mp/DL7JVje3u18FxFujQlTNR2q6QfMSMB7AvCBx91NGj/ba3kCfza0f6dVDbw7YlRf/nDrn7pQrCCyQ/w==

extend-shallow@^2.0.1:
  version "2.0.1"
  resolved "https://registry.yarnpkg.com/extend-shallow/-/extend-shallow-2.0.1.tgz#51af7d614ad9a9f610ea1bafbb989d6b1c56890f"
  integrity sha1-Ua99YUrZqfYQ6huvu5idaxxWiQ8=
  dependencies:
    is-extendable "^0.1.0"

extend-shallow@^3.0.0:
  version "3.0.2"
  resolved "https://registry.yarnpkg.com/extend-shallow/-/extend-shallow-3.0.2.tgz#26a71aaf073b39fb2127172746131c2704028db8"
  integrity sha1-Jqcarwc7OfshJxcnRhMcJwQCjbg=
  dependencies:
    assign-symbols "^1.0.0"
    is-extendable "^1.0.1"

fflate@^0.6.9:
  version "0.6.10"
  resolved "https://registry.yarnpkg.com/fflate/-/fflate-0.6.10.tgz#5f40f9659205936a2d18abf88b2e7781662b6d43"
  integrity sha512-IQrh3lEPM93wVCEczc9SaAOvkmcoQn/G8Bo1e8ZPlY3X3bnAxWaBdvTdvM1hP62iZp0BXWDy4vTAy4fF0+Dlpg==

file-selector@^0.2.2:
  version "0.2.4"
  resolved "https://registry.yarnpkg.com/file-selector/-/file-selector-0.2.4.tgz#7b98286f9dbb9925f420130ea5ed0a69238d4d80"
  integrity sha512-ZDsQNbrv6qRi1YTDOEWzf5J2KjZ9KMI1Q2SGeTkCJmNNW25Jg4TW4UMcmoqcg4WrAyKRcpBXdbWRxkfrOzVRbA==
  dependencies:
    tslib "^2.0.3"

for-in@^1.0.2:
  version "1.0.2"
  resolved "https://registry.yarnpkg.com/for-in/-/for-in-1.0.2.tgz#81068d295a8142ec0ac726c6e2200c30fb6d5e80"
  integrity sha1-gQaNKVqBQuwKxybG4iAMMPttXoA=

fsevents@~2.3.1:
  version "2.3.2"
  resolved "https://registry.yarnpkg.com/fsevents/-/fsevents-2.3.2.tgz#8a526f78b8fdf4623b709e0b975c52c24c02fd1a"
  integrity sha512-xiqMQR4xAeHTuB9uWm+fFRcIOgKBMiOBP+eXiyT7jsgVCq1bkVygt00oASowB7EdtpOHaaPgKt812P9ab+DDKA==

function-bind@^1.1.1:
  version "1.1.1"
  resolved "https://registry.yarnpkg.com/function-bind/-/function-bind-1.1.1.tgz#a56899d3ea3c9bab874bb9773b7c5ede92f4895d"
  integrity sha512-yIovAzMX49sF8Yl58fSCWJ5svSLuaibPxXQJFLmBObTuCr0Mf1KiPopGM9NiFjiYBCbfaa2Fh6breQ6ANVTI0A==

get-value@^2.0.6:
  version "2.0.6"
  resolved "https://registry.yarnpkg.com/get-value/-/get-value-2.0.6.tgz#dc15ca1c672387ca76bd37ac0a395ba2042a2c28"
  integrity sha1-3BXKHGcjh8p2vTesCjlbogQqLCg=

has@^1.0.3:
  version "1.0.3"
  resolved "https://registry.yarnpkg.com/has/-/has-1.0.3.tgz#722d7cbfc1f6aa8241f16dd814e011e1f41e8796"
  integrity sha512-f2dvO0VU6Oej7RkWJGrehjbzMAjFp5/VKPp5tTpWIV4JHHZK1/BxbFRtf/siA2SWTe09caDmVtYYzWEIbBS4zw==
  dependencies:
    function-bind "^1.1.1"

is-core-module@^2.2.0:
  version "2.4.0"
  resolved "https://registry.yarnpkg.com/is-core-module/-/is-core-module-2.4.0.tgz#8e9fc8e15027b011418026e98f0e6f4d86305cc1"
  integrity sha512-6A2fkfq1rfeQZjxrZJGerpLCTHRNEBiSgnu0+obeJpEPZRUooHgsizvzv0ZjJwOz3iWIHdJtVWJ/tmPr3D21/A==
  dependencies:
    has "^1.0.3"

is-extendable@^0.1.0, is-extendable@^0.1.1:
  version "0.1.1"
  resolved "https://registry.yarnpkg.com/is-extendable/-/is-extendable-0.1.1.tgz#62b110e289a471418e3ec36a617d472e301dfc89"
  integrity sha1-YrEQ4omkcUGOPsNqYX1HLjAd/Ik=

is-extendable@^1.0.0, is-extendable@^1.0.1:
  version "1.0.1"
  resolved "https://registry.yarnpkg.com/is-extendable/-/is-extendable-1.0.1.tgz#a7470f9e426733d81bd81e1155264e3a3507cab4"
  integrity sha512-arnXMxT1hhoKo9k1LZdmlNyJdDDfy2v0fXjFlmok4+i8ul/6WlbVge9bhM74OpNPQPMGUToDtz+KXa1PneJxOA==
  dependencies:
    is-plain-object "^2.0.4"

is-plain-object@^2.0.3, is-plain-object@^2.0.4:
  version "2.0.4"
  resolved "https://registry.yarnpkg.com/is-plain-object/-/is-plain-object-2.0.4.tgz#2c163b3fafb1b606d9d17928f05c2a1c38e07677"
  integrity sha512-h5PpgXkWitc38BBMYawTYMWJHFZJVnBquFE57xFpjB8pJFiF6gZ+bU+WyI/yqXiFR5mdLsgYNaPe8uao6Uv9Og==
  dependencies:
    isobject "^3.0.1"

isobject@^3.0.1:
  version "3.0.1"
  resolved "https://registry.yarnpkg.com/isobject/-/isobject-3.0.1.tgz#4e431e92b11a9731636aa1f9c8d1ccbcfdab78df"
  integrity sha1-TkMekrEalzFjaqH5yNHMvP2reN8=

"js-tokens@^3.0.0 || ^4.0.0":
  version "4.0.0"
  resolved "https://registry.yarnpkg.com/js-tokens/-/js-tokens-4.0.0.tgz#19203fb59991df98e3a287050d4647cdeaf32499"
  integrity sha512-RdJUflcE3cUzKiMqQgsCu06FPu9UdIJO0beYbPhHN4k6apgJtifcoCtT9bcxOpYBtpD2kCM6Sbzg4CausW/PKQ==

ktx-parse@^0.2.1:
  version "0.2.1"
  resolved "https://registry.yarnpkg.com/ktx-parse/-/ktx-parse-0.2.1.tgz#6805c0929eae0a1f571ab3ce789e860e9135b432"
  integrity sha512-I+2mYJ6nQdWGmOlE3m9d9idKfhn2MCw04zaVpgtzyuc19uQ8OwRmmYLf/TP5ueVFfYmHbdpM8mPmId2X5PBLEw==

leva@^0.9.11:
  version "0.9.11"
  resolved "https://registry.yarnpkg.com/leva/-/leva-0.9.11.tgz#ed2f469f50a743b503cc913873380f94852a7d32"
  integrity sha512-8AjF6t2wm85+3pAu5thDGTmQsclTnh2sCcASZGzdHP1CDZsRyjHqiKSSi2PKULCLkunc8Gj3Ug89V7fy3MzP1A==
  dependencies:
    "@radix-ui/react-portal" "^0.0.13"
    "@radix-ui/react-tooltip" "0.0.18"
    "@stitches/react" "^0.1.9"
    "@welldone-software/why-did-you-render" "^6.1.4"
    dequal "^2.0.2"
    merge-value "^1.0.0"
    react-colorful "^5.2.2"
    react-dropzone "^11.3.2"
    react-use-gesture "^9.1.3"
    tinycolor2 "^1.4.2"
    v8n "^1.3.3"
    zustand "^3.5.2"

lodash-es@^4.17.21:
  version "4.17.21"
  resolved "https://registry.yarnpkg.com/lodash-es/-/lodash-es-4.17.21.tgz#43e626c46e6591b7750beb2b50117390c609e3ee"
  integrity sha512-mKnC+QJ9pWVzv+C4/U3rRsHapFfHvQFoFB92e52xeyGMcX6/OlIl78je1u8vePzYZSkkogMPJ2yjxxsb89cxyw==

lodash.debounce@^4.0.8:
  version "4.0.8"
  resolved "https://registry.yarnpkg.com/lodash.debounce/-/lodash.debounce-4.0.8.tgz#82d79bff30a67c4005ffd5e2515300ad9ca4d7af"
  integrity sha1-gteb/zCmfEAF/9XiUVMArZyk168=

lodash.throttle@^4.1.1:
  version "4.1.1"
  resolved "https://registry.yarnpkg.com/lodash.throttle/-/lodash.throttle-4.1.1.tgz#c23e91b710242ac70c37f1e1cda9274cc39bf2f4"
  integrity sha1-wj6RtxAkKscMN/HhzaknTMOb8vQ=

lodash@^4:
  version "4.17.21"
  resolved "https://registry.yarnpkg.com/lodash/-/lodash-4.17.21.tgz#679591c564c3bffaae8454cf0b3df370c3d6911c"
  integrity sha512-v2kDEe57lecTulaDIuNTPy3Ry4gLGJ6Z1O3vE1krgXZNrsQ+LFTGHVxVjcXPs17LhbZVGedAJv8XZ1tvj5FvSg==

loose-envify@^1.1.0, loose-envify@^1.4.0:
  version "1.4.0"
  resolved "https://registry.yarnpkg.com/loose-envify/-/loose-envify-1.4.0.tgz#71ee51fa7be4caec1a63839f7e682d8132d30caf"
  integrity sha512-lyuxPGr/Wfhrlem2CL/UcnUc1zcqKAImBDzukY7Y5F/yQiNdko6+fRLevlw1HgMySw7f611UIY408EtxRSoK3Q==
  dependencies:
    js-tokens "^3.0.0 || ^4.0.0"

merge-value@^1.0.0:
  version "1.0.0"
  resolved "https://registry.yarnpkg.com/merge-value/-/merge-value-1.0.0.tgz#d28f8d41c0b37426e032d1059a0d0343302de502"
  integrity sha512-fJMmvat4NeKz63Uv9iHWcPDjCWcCkoiRoajRTEO8hlhUC6rwaHg0QCF9hBOTjZmm4JuglPckPSTtcuJL5kp0TQ==
  dependencies:
    get-value "^2.0.6"
    is-extendable "^1.0.0"
    mixin-deep "^1.2.0"
    set-value "^2.0.0"

mixin-deep@^1.2.0:
  version "1.3.2"
  resolved "https://registry.yarnpkg.com/mixin-deep/-/mixin-deep-1.3.2.tgz#1120b43dc359a785dce65b55b82e257ccf479566"
  integrity sha512-WRoDn//mXBiJ1H40rqa3vH0toePwSsGb45iInWlTySa+Uu4k3tYUSxa2v1KqAiLtvlrSzaExqS1gtk96A9zvEA==
  dependencies:
    for-in "^1.0.2"
    is-extendable "^1.0.1"

mmd-parser@^1.0.4:
  version "1.0.4"
  resolved "https://registry.yarnpkg.com/mmd-parser/-/mmd-parser-1.0.4.tgz#87cc05782cb5974ca854f0303fc5147bc9d690e7"
  integrity sha512-Qi0VCU46t2IwfGv5KF0+D/t9cizcDug7qnNoy9Ggk7aucp0tssV8IwTMkBlDbm+VqAf3cdQHTCARKSsuS2MYFg==

nanoid@^3.1.23:
  version "3.1.23"
  resolved "https://registry.yarnpkg.com/nanoid/-/nanoid-3.1.23.tgz#f744086ce7c2bc47ee0a8472574d5c78e4183a81"
  integrity sha512-FiB0kzdP0FFVGDKlRLEQ1BgDzU87dy5NnzjeW9YZNt+/c3+q82EQDUwniSAUxp/F0gFNI1ZhKU1FqYsMuqZVnw==

object-assign@^4.1.1:
  version "4.1.1"
  resolved "https://registry.yarnpkg.com/object-assign/-/object-assign-4.1.1.tgz#2109adc7965887cfc05cbbd442cac8bfbb360863"
  integrity sha1-IQmtx5ZYh8/AXLvUQsrIv7s2CGM=

opentype.js@^1.3.3:
  version "1.3.3"
  resolved "https://registry.yarnpkg.com/opentype.js/-/opentype.js-1.3.3.tgz#65b8645b090a1ad444065b784d442fa19d1061f6"
  integrity sha512-/qIY/+WnKGlPIIPhbeNjynfD2PO15G9lA/xqlX2bDH+4lc3Xz5GCQ68mqxj3DdUv6AJqCeaPvuAoH8mVL0zcuA==
  dependencies:
    string.prototype.codepointat "^0.2.1"
    tiny-inflate "^1.0.3"

path-parse@^1.0.6:
  version "1.0.7"
  resolved "https://registry.yarnpkg.com/path-parse/-/path-parse-1.0.7.tgz#fbc114b60ca42b30d9daf5858e4bd68bbedb6735"
  integrity sha512-LDJzPVEEEPR+y48z93A0Ed0yXb8pAByGWo/k5YYdYgpY2/2EsOsksJrq7lOHxryrVOn1ejG6oAp8ahvOIQD8sw==

picomatch@^2.2.2:
  version "2.3.0"
  resolved "https://registry.yarnpkg.com/picomatch/-/picomatch-2.3.0.tgz#f1f061de8f6a4bf022892e2d128234fb98302972"
  integrity sha512-lY1Q/PiJGC2zOv/z391WOTD+Z02bCgsFfvxoXXf6h7kv9o+WmsmzYqrAwY63sNgOxE4xEdq0WyUnXfKeBrSvYw==

postcss@^8.3.0:
  version "8.3.1"
  resolved "https://registry.yarnpkg.com/postcss/-/postcss-8.3.1.tgz#71f380151c227f83b898294a46481f689f86b70a"
  integrity sha512-9qH0MGjsSm+fjxOi3GnwViL1otfi7qkj+l/WX5gcRGmZNGsIcqc+A5fBkE6PUobEQK4APqYVaES+B3Uti98TCw==
  dependencies:
    colorette "^1.2.2"
    nanoid "^3.1.23"
    source-map-js "^0.6.2"

potpack@^1.0.1:
  version "1.0.1"
  resolved "https://registry.yarnpkg.com/potpack/-/potpack-1.0.1.tgz#d1b1afd89e4c8f7762865ec30bd112ab767e2ebf"
  integrity sha512-15vItUAbViaYrmaB/Pbw7z6qX2xENbFSTA7Ii4tgbPtasxm5v6ryKhKtL91tpWovDJzTiZqdwzhcFBCwiMVdVw==

prop-types@^15.7.2:
  version "15.7.2"
  resolved "https://registry.yarnpkg.com/prop-types/-/prop-types-15.7.2.tgz#52c41e75b8c87e72b9d9360e0206b99dcbffa6c5"
  integrity sha512-8QQikdH7//R2vurIJSutZ1smHYTcLpRWEOlHnzcWHmBYrOGUysKwSsrC89BCiFj3CbrfJ/nXFdJepOVrY1GCHQ==
  dependencies:
    loose-envify "^1.4.0"
    object-assign "^4.1.1"
    react-is "^16.8.1"

react-colorful@^5.2.2:
  version "5.2.2"
  resolved "https://registry.yarnpkg.com/react-colorful/-/react-colorful-5.2.2.tgz#0a69d0648db47e51359d343854d83d250a742243"
  integrity sha512-Xdb1Rl6lZ5SMdNBH59eE0lGqR1g2LVD8IgPlw0WeMDrOC65lYI8fgMEwj/0dDpVRVMh5qp73ciISDst/t2O2iQ==

react-dom@^17.0.2:
  version "17.0.2"
  resolved "https://registry.yarnpkg.com/react-dom/-/react-dom-17.0.2.tgz#ecffb6845e3ad8dbfcdc498f0d0a939736502c23"
  integrity sha512-s4h96KtLDUQlsENhMn1ar8t2bEa+q/YAtj8pPPdIjPDGBDIVNsrD9aXNWqspUe6AzKCIG0C1HZZLqLV7qpOBGA==
  dependencies:
    loose-envify "^1.1.0"
    object-assign "^4.1.1"
    scheduler "^0.20.2"

react-dropzone@^11.3.2:
  version "11.3.2"
  resolved "https://registry.yarnpkg.com/react-dropzone/-/react-dropzone-11.3.2.tgz#2efb6af800a4779a9daa1e7ba1f8d51d0ab862d7"
  integrity sha512-Z0l/YHcrNK1r85o6RT77Z5XgTARmlZZGfEKBl3tqTXL9fZNQDuIdRx/J0QjvR60X+yYu26dnHeaG2pWU+1HHvw==
  dependencies:
    attr-accept "^2.2.1"
    file-selector "^0.2.2"
    prop-types "^15.7.2"

react-is@^16.8.1:
  version "16.13.1"
  resolved "https://registry.yarnpkg.com/react-is/-/react-is-16.13.1.tgz#789729a4dc36de2999dc156dd6c1d9c18cea56a4"
  integrity sha512-24e6ynE2H+OKt4kqsOvNd8kBpV65zoxbA4BVsEOB3ARVWQki/DHzaUoC5KuON/BiccDaCCTZBuOcfZs70kR8bQ==

react-use-gesture@^9.1.3:
  version "9.1.3"
  resolved "https://registry.yarnpkg.com/react-use-gesture/-/react-use-gesture-9.1.3.tgz#92bd143e4f58e69bd424514a5bfccba2a1d62ec0"
  integrity sha512-CdqA2SmS/fj3kkS2W8ZU8wjTbVBAIwDWaRprX7OKaj7HlGwBasGEFggmk5qNklknqk9zK/h8D355bEJFTpqEMg==

react@^17.0.2:
  version "17.0.2"
  resolved "https://registry.yarnpkg.com/react/-/react-17.0.2.tgz#d0b5cc516d29eb3eee383f75b62864cfb6800037"
  integrity sha512-gnhPt75i/dq/z3/6q/0asP78D0u592D5L1pd7M8P+dck6Fu/jJeL6iVVK23fptSUZj8Vjf++7wXA8UNclGQcbA==
  dependencies:
    loose-envify "^1.1.0"
    object-assign "^4.1.1"

regenerator-runtime@^0.13.4:
  version "0.13.7"
  resolved "https://registry.yarnpkg.com/regenerator-runtime/-/regenerator-runtime-0.13.7.tgz#cac2dacc8a1ea675feaabaeb8ae833898ae46f55"
  integrity sha512-a54FxoJDIr27pgf7IgeQGxmqUNYrcV338lf/6gH456HZ/PhX+5BcwHXG9ajESmwe6WRO0tAzRUrRmNONWgkrew==

regexp-to-ast@0.5.0:
  version "0.5.0"
  resolved "https://registry.yarnpkg.com/regexp-to-ast/-/regexp-to-ast-0.5.0.tgz#56c73856bee5e1fef7f73a00f1473452ab712a24"
  integrity sha512-tlbJqcMHnPKI9zSrystikWKwHkBqu2a/Sgw01h3zFjvYrMxEDYHzzoMZnUrbIfpTFEsoRnnviOXNCzFiSc54Qw==

resolve@^1.19.0:
  version "1.20.0"
  resolved "https://registry.yarnpkg.com/resolve/-/resolve-1.20.0.tgz#629a013fb3f70755d6f0b7935cc1c2c5378b1975"
  integrity sha512-wENBPt4ySzg4ybFQW2TT1zMQucPK95HSh/nq2CFTZVOGut2+pQvSsgtda4d26YrYcr067wjbmzOG8byDPBX63A==
  dependencies:
    is-core-module "^2.2.0"
    path-parse "^1.0.6"

rollup@^2.38.5:
  version "2.51.1"
  resolved "https://registry.yarnpkg.com/rollup/-/rollup-2.51.1.tgz#87bcd4095fe79b14c9bec0edc7ffa44e4827f793"
  integrity sha512-8xfDbAtBleXotb6qKEHWuo/jkn94a9dVqGc7Rwl3sqspCVlnCfbRek7ldhCARSi7h32H0xR4QThm1t9zHN+3uw==
  optionalDependencies:
    fsevents "~2.3.1"

rxjs@^7.1.0:
  version "7.1.0"
  resolved "https://registry.yarnpkg.com/rxjs/-/rxjs-7.1.0.tgz#94202d27b19305ef7b1a4f330277b2065df7039e"
  integrity sha512-gCFO5iHIbRPwznl6hAYuwNFld8W4S2shtSJIqG27ReWXo9IWrCyEICxUA+6vJHwSR/OakoenC4QsDxq50tzYmw==
  dependencies:
    tslib "~2.1.0"

scheduler@^0.20.2:
  version "0.20.2"
  resolved "https://registry.yarnpkg.com/scheduler/-/scheduler-0.20.2.tgz#4baee39436e34aa93b4874bddcbf0fe8b8b50e91"
  integrity sha512-2eWfGgAqqWFGqtdMmcL5zCMK1U8KlXv8SQFGglL3CEtd0aDVDWgeF/YoCmvln55m5zSk3J/20hTaSBeSObsQDQ==
  dependencies:
    loose-envify "^1.1.0"
    object-assign "^4.1.1"

set-value@^2.0.0:
  version "2.0.1"
  resolved "https://registry.yarnpkg.com/set-value/-/set-value-2.0.1.tgz#a18d40530e6f07de4228c7defe4227af8cad005b"
  integrity sha512-JxHc1weCN68wRY0fhCoXpyK55m/XPHafOmK4UWD7m2CI14GMcFypt4w/0+NV5f/ZMby2F6S2wwA7fgynh9gWSw==
  dependencies:
    extend-shallow "^2.0.1"
    is-extendable "^0.1.1"
    is-plain-object "^2.0.3"
    split-string "^3.0.1"

source-map-js@^0.6.2:
  version "0.6.2"
  resolved "https://registry.yarnpkg.com/source-map-js/-/source-map-js-0.6.2.tgz#0bb5de631b41cfbda6cfba8bd05a80efdfd2385e"
  integrity sha512-/3GptzWzu0+0MBQFrDKzw/DvvMTUORvgY6k6jd/VS6iCR4RDTKWH6v6WPwQoUO8667uQEf9Oe38DxAYWY5F/Ug==

split-string@^3.0.1:
  version "3.1.0"
  resolved "https://registry.yarnpkg.com/split-string/-/split-string-3.1.0.tgz#7cb09dda3a86585705c64b39a6466038682e8fe2"
  integrity sha512-NzNVhJDYpwceVVii8/Hu6DKfD2G+NrQHlS/V/qgv763EYudVwEcMQNxd2lh+0VrUByXN/oJkl5grOhYWvQUYiw==
  dependencies:
    extend-shallow "^3.0.0"

string.prototype.codepointat@^0.2.1:
  version "0.2.1"
  resolved "https://registry.yarnpkg.com/string.prototype.codepointat/-/string.prototype.codepointat-0.2.1.tgz#004ad44c8afc727527b108cd462b4d971cd469bc"
  integrity sha512-2cBVCj6I4IOvEnjgO/hWqXjqBGsY+zwPmHl12Srk9IXSZ56Jwwmy+66XO5Iut/oQVR7t5ihYdLB0GMa4alEUcg==

three-stdlib@^2.0.7:
  version "2.0.7"
  resolved "https://registry.yarnpkg.com/three-stdlib/-/three-stdlib-2.0.7.tgz#f1732002126e4d58b8e454f0d8a34c4478c607ba"
  integrity sha512-RWFjJSFC9kwHgzJbVIdUg790If+KBxo1gm+UTAp+1QeYjJfTDm3XyAxs7203lZG1LwyUHYaY27Eah8weixMNEQ==
  dependencies:
    "@babel/runtime" "^7.13.17"
    "@webgpu/glslang" "^0.0.15"
    "@webxr-input-profiles/motion-controllers" "^1.0.0"
    chevrotain "^9.0.1"
    fflate "^0.6.9"
    ktx-parse "^0.2.1"
    mmd-parser "^1.0.4"
    opentype.js "^1.3.3"
    potpack "^1.0.1"
    zstddec "^0.0.2"

three@^0.129.0:
  version "0.129.0"
  resolved "https://registry.yarnpkg.com/three/-/three-0.129.0.tgz#f5e530bbc96eac5d5b4749cb5da886ef0d42f554"
  integrity sha512-wiWio1yVRg2Oj6WEWsTHQo5eSzYpEwSBtPSi3OofNpvFbf26HFfb9kw4FZJNjII4qxzp0b1xLB11+tKkBGB1ZA==

tiny-inflate@^1.0.3:
  version "1.0.3"
  resolved "https://registry.yarnpkg.com/tiny-inflate/-/tiny-inflate-1.0.3.tgz#122715494913a1805166aaf7c93467933eea26c4"
  integrity sha512-pkY1fj1cKHb2seWDy0B16HeWyczlJA9/WW3u3c4z/NiWDsO3DOU5D7nhTLE9CF0yXv/QZFY7sEJmj24dK+Rrqw==

tinycolor2@^1.4.2:
  version "1.4.2"
  resolved "https://registry.yarnpkg.com/tinycolor2/-/tinycolor2-1.4.2.tgz#3f6a4d1071ad07676d7fa472e1fac40a719d8803"
  integrity sha512-vJhccZPs965sV/L2sU4oRQVAos0pQXwsvTLkWYdqJ+a8Q5kPFzJTuOFwy7UniPli44NKQGAglksjvOcpo95aZA==

tslib@^2.0.3:
  version "2.3.0"
  resolved "https://registry.yarnpkg.com/tslib/-/tslib-2.3.0.tgz#803b8cdab3e12ba581a4ca41c8839bbb0dacb09e"
  integrity sha512-N82ooyxVNm6h1riLCoyS9e3fuJ3AMG2zIZs2Gd1ATcSFjSA23Q0fzjjZeh0jbJvWVDZ0cJT8yaNNaaXHzueNjg==

tslib@~2.1.0:
  version "2.1.0"
  resolved "https://registry.yarnpkg.com/tslib/-/tslib-2.1.0.tgz#da60860f1c2ecaa5703ab7d39bc05b6bf988b97a"
  integrity sha512-hcVC3wYEziELGGmEEXue7D75zbwIIVUMWAVbHItGPx0ziyXxrOMQx4rQEVEV45Ut/1IotuEvwqPopzIOkDMf0A==

typescript@^4.2.3:
  version "4.3.2"
  resolved "https://registry.yarnpkg.com/typescript/-/typescript-4.3.2.tgz#399ab18aac45802d6f2498de5054fcbbe716a805"
  integrity sha512-zZ4hShnmnoVnAHpVHWpTcxdv7dWP60S2FsydQLV8V5PbS3FifjWFFRiHSWpDJahly88PRyV5teTSLoq4eG7mKw==

v8n@^1.3.3:
  version "1.3.3"
  resolved "https://registry.yarnpkg.com/v8n/-/v8n-1.3.3.tgz#4e03782173f1ac6108370859319050470d72a1c9"
  integrity sha512-5w0/blXdz5idt+TJj72Vs69HcRYDARRWFami3bj7TLx8qvOVpyL3D3wdnXVrPLWvSApfVe2vBV54V16QYVlJnA==

vite-plugin-string@^1.0.1:
  version "1.0.1"
  resolved "https://registry.yarnpkg.com/vite-plugin-string/-/vite-plugin-string-1.0.1.tgz#56fc750375742c7f53fcbd555617f61454039d21"
  integrity sha512-bi8v/lqWCRORD+bT+tFPJ7meWjwTU9x925grw+etOUGitHKZk8hNhxFulxDDsZiyS96bKNWiGEAvD9mkkZ7+CA==
  dependencies:
    "@rollup/pluginutils" "^4.1.0"

vite@^2.3.5:
  version "2.3.7"
  resolved "https://registry.yarnpkg.com/vite/-/vite-2.3.7.tgz#3023892419367465e1af1739578f8663d04243b2"
  integrity sha512-Y0xRz11MPYu/EAvzN94+FsOZHbSvO6FUvHv127CyG7mV6oDoay2bw+g5y9wW3Blf8OY3chaz3nc/DcRe1IQ3Nw==
  dependencies:
    esbuild "^0.12.5"
    postcss "^8.3.0"
    resolve "^1.19.0"
    rollup "^2.38.5"
  optionalDependencies:
    fsevents "~2.3.1"

zstddec@^0.0.2:
  version "0.0.2"
  resolved "https://registry.yarnpkg.com/zstddec/-/zstddec-0.0.2.tgz#57e2f28dd1ff56b750e07d158a43f0611ad9eeb4"
  integrity sha512-DCo0oxvcvOTGP/f5FA6tz2Z6wF+FIcEApSTu0zV5sQgn9hoT5lZ9YRAKUraxt9oP7l4e8TnNdi8IZTCX6WCkwA==

zustand@^3.5.2:
  version "3.5.2"
  resolved "https://registry.yarnpkg.com/zustand/-/zustand-3.5.2.tgz#cf162a8bd1d86475bf308bc856c4d02ff13fd53c"
  integrity sha512-HUCQI9O77/D/zvoWPNv4dwLriiiY2xtEqnQ0TVY8uaPjmOHls04Okd0w3sWUE9Ex2LaYlSk11DbPPIOZ6shEWg==
